
Microsoft Visual Studio Solution File, Format Version 12.00
# Visual Studio Version 16
VisualStudioVersion = 16.0.30128.74
MinimumVisualStudioVersion = 10.0.40219.1
Project("{FAE04EC0-301F-11D3-BF4B-00C04F79EFBC}") = "BlackByteDecryptor", "BlackByteDecryptor\BlackByteDecryptor.csproj", "{BF644F9D-E78C-458C-B206-9CAE41343699}"
EndProject
Global
	GlobalSection(SolutionConfigurationPlatforms) = preSolution
		Debug|Any CPU = Debug|Any CPU
		Release|Any CPU = Release|Any CPU
	EndGlobalSection
	GlobalSection(ProjectConfigurationPlatforms) = postSolution
		{BF644F9D-E78C-458C-B206-9CAE41343699}.Debug|Any CPU.ActiveCfg = Debug|Any CPU
		{BF644F9D-E78C-458C-B206-9CAE41343699}.Debug|Any CPU.Build.0 = Debug|Any CPU
		{BF644F9D-E78C-458C-B206-9CAE41343699}.Release|Any CPU.ActiveCfg = Release|Any CPU
		{BF644F9D-E78C-458C-B206-9CAE41343699}.Release|Any CPU.Build.0 = Release|Any CPU
	EndGlobalSection
	GlobalSection(SolutionProperties) = preSolution
		HideSolutionNode = FALSE
	EndGlobalSection
	GlobalSection(ExtensibilityGlobals) = postSolution
		SolutionGuid = {FF5FBAF0-6049-4F57-ADFD-16F8380E6A84}
	EndGlobalSection
EndGlobal
